
Microsoft Visual Studio Solution File, Format Version 12.00
# Visual Studio 15
VisualStudioVersion = 15.0.27130.2010
MinimumVisualStudioVersion = 10.0.40219.1
Project("{FAE04EC0-301F-11D3-BF4B-00C04F79EFBC}") = "Unsafe_Code", "Unsafe_Code\Unsafe_Code.csproj", "{4154D0CD-2F91-47D6-9817-8280034BE9A8}"
EndProject
Global
	GlobalSection(SolutionConfigurationPlatforms) = preSolution
		Debug|Any CPU = Debug|Any CPU
		Release|Any CPU = Release|Any CPU
	EndGlobalSection
	GlobalSection(ProjectConfigurationPlatforms) = postSolution
		{4154D0CD-2F91-47D6-9817-8280034BE9A8}.Debug|Any CPU.ActiveCfg = Debug|Any CPU
		{4154D0CD-2F91-47D6-9817-8280034BE9A8}.Debug|Any CPU.Build.0 = Debug|Any CPU
		{4154D0CD-2F91-47D6-9817-8280034BE9A8}.Release|Any CPU.ActiveCfg = Release|Any CPU
		{4154D0CD-2F91-47D6-9817-8280034BE9A8}.Release|Any CPU.Build.0 = Release|Any CPU
	EndGlobalSection
	GlobalSection(SolutionProperties) = preSolution
		HideSolutionNode = FALSE
	EndGlobalSection
	GlobalSection(ExtensibilityGlobals) = postSolution
		SolutionGuid = {2B3FF835-F630-446A-B556-1225F2A3C650}
	EndGlobalSection
EndGlobal
